{
  "name": "srinivass147",
  "version": "1.0.0",
  "lockfileVersion": 3,
  "requires": true,
  "packages": {
    "": {
      "name": "srinivass147",
      "version": "1.0.0",
      "license": "ISC",
      "dependencies": {
        "dhavamani114": "^1.0.0",
        "srinivass147": "^1.0.0"
      }
    },
    "node_modules/dhavamani114": {
      "version": "1.0.0",
      "resolved": "https://registry.npmjs.org/dhavamani114/-/dhavamani114-1.0.0.tgz",
      "integrity": "sha512-EiIVFH1WqKE6YTq+mBv8LggHEqOf2kpxG1QFoBXYybIz/XsRMi318n1YdMdwGX/IGs4gx7RyCd/UwPBADDgV8g==",
      "license": "ISC"
    },
    "node_modules/srinivass147": {
      "version": "1.0.0",
      "resolved": "https://registry.npmjs.org/srinivass147/-/srinivass147-1.0.0.tgz",
      "integrity": "sha512-w6vgluUFrCNmi0CEF1qe168U89daN9W7qEwvQnuPvyHZP31bn/yYZYC974/cBk500osGW7/7zr/JsHygVM0q+w==",
      "license": "ISC"
    }
  }
}
